// !$*UTF8*$!
{
	archiveVersion = 1;
	classes = {
	};
	objectVersion = 56;
	objects = {

/* Begin PBXBuildFile section */
		2C4A40472B979681002329AC /* MainTabBarController.swift in Sources */ = {isa = PBXBuildFile; fileRef = 2C4A40462B979681002329AC /* MainTabBarController.swift */; };
		2C4A40492B9797B6002329AC /* NewTransactionViewController.swift in Sources */ = {isa = PBXBuildFile; fileRef = 2C4A40482B9797B6002329AC /* NewTransactionViewController.swift */; };
		2C4A404D2B979A17002329AC /* TransactionListViewController.swift in Sources */ = {isa = PBXBuildFile; fileRef = 2C4A404C2B979A17002329AC /* TransactionListViewController.swift */; };
		2C8C5F612B97932800E0ECFD /* AppDelegate.swift in Sources */ = {isa = PBXBuildFile; fileRef = 2C8C5F602B97932800E0ECFD /* AppDelegate.swift */; };
		2C8C5F632B97932800E0ECFD /* SceneDelegate.swift in Sources */ = {isa = PBXBuildFile; fileRef = 2C8C5F622B97932800E0ECFD /* SceneDelegate.swift */; };
		2C8C5F6A2B97932A00E0ECFD /* Assets.xcassets in Resources */ = {isa = PBXBuildFile; fileRef = 2C8C5F692B97932A00E0ECFD /* Assets.xcassets */; };
		2C8C5F6D2B97932A00E0ECFD /* LaunchScreen.storyboard in Resources */ = {isa = PBXBuildFile; fileRef = 2C8C5F6B2B97932A00E0ECFD /* LaunchScreen.storyboard */; };
		2CB255182B9D13DA005FD0F9 /* TransactionListCell.swift in Sources */ = {isa = PBXBuildFile; fileRef = 2CB255172B9D13DA005FD0F9 /* TransactionListCell.swift */; };
		2CCE1AB42BCB4064007604FC /* TransactionListViewModel.swift in Sources */ = {isa = PBXBuildFile; fileRef = 2CCE1AB32BCB4064007604FC /* TransactionListViewModel.swift */; };
		2CD5C4822BA15539005BAF28 /* CategoryListCell.swift in Sources */ = {isa = PBXBuildFile; fileRef = 2CD5C4812BA15539005BAF28 /* CategoryListCell.swift */; };
		2CD5C4842BA21D27005BAF28 /* PickerButton.swift in Sources */ = {isa = PBXBuildFile; fileRef = 2CD5C4832BA21D27005BAF28 /* PickerButton.swift */; };
		2CD5C4862BA24CE3005BAF28 /* BorderedTextField.swift in Sources */ = {isa = PBXBuildFile; fileRef = 2CD5C4852BA24CE3005BAF28 /* BorderedTextField.swift */; };
		2CD5C4882BA29E23005BAF28 /* CategoryType.swift in Sources */ = {isa = PBXBuildFile; fileRef = 2CD5C4872BA29E23005BAF28 /* CategoryType.swift */; };
		2CD5C48C2BB7283B005BAF28 /* PlainTextField.swift in Sources */ = {isa = PBXBuildFile; fileRef = 2CD5C48B2BB7283B005BAF28 /* PlainTextField.swift */; };
		2CD5C48E2BBC71AF005BAF28 /* Notifications.swift in Sources */ = {isa = PBXBuildFile; fileRef = 2CD5C48D2BBC71AF005BAF28 /* Notifications.swift */; };
		2CD879542B9E7E83004EDFCF /* CashMarket Medium.otf in Resources */ = {isa = PBXBuildFile; fileRef = 2CD8794F2B9E7E83004EDFCF /* CashMarket Medium.otf */; };
		2CD879552B9E7E83004EDFCF /* CashMarket MediumRounded.otf in Resources */ = {isa = PBXBuildFile; fileRef = 2CD879502B9E7E83004EDFCF /* CashMarket MediumRounded.otf */; };
		2CD879562B9E7E83004EDFCF /* CashMarket Regular.otf in Resources */ = {isa = PBXBuildFile; fileRef = 2CD879512B9E7E83004EDFCF /* CashMarket Regular.otf */; };
		2CD879572B9E7E83004EDFCF /* CashMarket RegularRounded.otf in Resources */ = {isa = PBXBuildFile; fileRef = 2CD879522B9E7E83004EDFCF /* CashMarket RegularRounded.otf */; };
		2CD879582B9E7E83004EDFCF /* CashMarket Bold.otf in Resources */ = {isa = PBXBuildFile; fileRef = 2CD879532B9E7E83004EDFCF /* CashMarket Bold.otf */; };
		2CD8795C2B9E91F2004EDFCF /* Constants.swift in Sources */ = {isa = PBXBuildFile; fileRef = 2CD8795B2B9E91F2004EDFCF /* Constants.swift */; };
		2CD879622B9F883C004EDFCF /* SettingsViewController.swift in Sources */ = {isa = PBXBuildFile; fileRef = 2CD879612B9F883C004EDFCF /* SettingsViewController.swift */; };
		2CD879642B9F88FF004EDFCF /* SettingsView.swift in Sources */ = {isa = PBXBuildFile; fileRef = 2CD879632B9F88FF004EDFCF /* SettingsView.swift */; };
		2CD879662BA0EBAB004EDFCF /* CategoryListViewController.swift in Sources */ = {isa = PBXBuildFile; fileRef = 2CD879652BA0EBAB004EDFCF /* CategoryListViewController.swift */; };
		2CD879682BA10453004EDFCF /* AddCategoryViewController.swift in Sources */ = {isa = PBXBuildFile; fileRef = 2CD879672BA10453004EDFCF /* AddCategoryViewController.swift */; };
		2CF649A52B9A323F00841A69 /* CoreData.xcdatamodeld in Sources */ = {isa = PBXBuildFile; fileRef = 2CF649A32B9A323F00841A69 /* CoreData.xcdatamodeld */; };
/* End PBXBuildFile section */

/* Begin PBXFileReference section */
		2C4A40462B979681002329AC /* MainTabBarController.swift */ = {isa = PBXFileReference; lastKnownFileType = sourcecode.swift; path = MainTabBarController.swift; sourceTree = "<group>"; };
		2C4A40482B9797B6002329AC /* NewTransactionViewController.swift */ = {isa = PBXFileReference; lastKnownFileType = sourcecode.swift; path = NewTransactionViewController.swift; sourceTree = "<group>"; };
		2C4A404C2B979A17002329AC /* TransactionListViewController.swift */ = {isa = PBXFileReference; lastKnownFileType = sourcecode.swift; path = TransactionListViewController.swift; sourceTree = "<group>"; };
		2C8C5F5D2B97932800E0ECFD /* Coinage.app */ = {isa = PBXFileReference; explicitFileType = wrapper.application; includeInIndex = 0; path = Coinage.app; sourceTree = BUILT_PRODUCTS_DIR; };
		2C8C5F602B97932800E0ECFD /* AppDelegate.swift */ = {isa = PBXFileReference; lastKnownFileType = sourcecode.swift; path = AppDelegate.swift; sourceTree = "<group>"; };
		2C8C5F622B97932800E0ECFD /* SceneDelegate.swift */ = {isa = PBXFileReference; lastKnownFileType = sourcecode.swift; path = SceneDelegate.swift; sourceTree = "<group>"; };
		2C8C5F692B97932A00E0ECFD /* Assets.xcassets */ = {isa = PBXFileReference; lastKnownFileType = folder.assetcatalog; path = Assets.xcassets; sourceTree = "<group>"; };
		2C8C5F6C2B97932A00E0ECFD /* Base */ = {isa = PBXFileReference; lastKnownFileType = file.storyboard; name = Base; path = Base.lproj/LaunchScreen.storyboard; sourceTree = "<group>"; };
		2C8C5F6E2B97932A00E0ECFD /* Info.plist */ = {isa = PBXFileReference; lastKnownFileType = text.plist.xml; path = Info.plist; sourceTree = "<group>"; };
		2CB255172B9D13DA005FD0F9 /* TransactionListCell.swift */ = {isa = PBXFileReference; lastKnownFileType = sourcecode.swift; path = TransactionListCell.swift; sourceTree = "<group>"; };
		2CCE1AB32BCB4064007604FC /* TransactionListViewModel.swift */ = {isa = PBXFileReference; lastKnownFileType = sourcecode.swift; path = TransactionListViewModel.swift; sourceTree = "<group>"; };
		2CD5C4812BA15539005BAF28 /* CategoryListCell.swift */ = {isa = PBXFileReference; lastKnownFileType = sourcecode.swift; path = CategoryListCell.swift; sourceTree = "<group>"; };
		2CD5C4832BA21D27005BAF28 /* PickerButton.swift */ = {isa = PBXFileReference; lastKnownFileType = sourcecode.swift; path = PickerButton.swift; sourceTree = "<group>"; };
		2CD5C4852BA24CE3005BAF28 /* BorderedTextField.swift */ = {isa = PBXFileReference; lastKnownFileType = sourcecode.swift; path = BorderedTextField.swift; sourceTree = "<group>"; };
		2CD5C4872BA29E23005BAF28 /* CategoryType.swift */ = {isa = PBXFileReference; lastKnownFileType = sourcecode.swift; path = CategoryType.swift; sourceTree = "<group>"; };
		2CD5C48B2BB7283B005BAF28 /* PlainTextField.swift */ = {isa = PBXFileReference; lastKnownFileType = sourcecode.swift; path = PlainTextField.swift; sourceTree = "<group>"; };
		2CD5C48D2BBC71AF005BAF28 /* Notifications.swift */ = {isa = PBXFileReference; lastKnownFileType = sourcecode.swift; path = Notifications.swift; sourceTree = "<group>"; };
		2CD8794F2B9E7E83004EDFCF /* CashMarket Medium.otf */ = {isa = PBXFileReference; lastKnownFileType = file; path = "CashMarket Medium.otf"; sourceTree = "<group>"; };
		2CD879502B9E7E83004EDFCF /* CashMarket MediumRounded.otf */ = {isa = PBXFileReference; lastKnownFileType = file; path = "CashMarket MediumRounded.otf"; sourceTree = "<group>"; };
		2CD879512B9E7E83004EDFCF /* CashMarket Regular.otf */ = {isa = PBXFileReference; lastKnownFileType = file; path = "CashMarket Regular.otf"; sourceTree = "<group>"; };
		2CD879522B9E7E83004EDFCF /* CashMarket RegularRounded.otf */ = {isa = PBXFileReference; lastKnownFileType = file; path = "CashMarket RegularRounded.otf"; sourceTree = "<group>"; };
		2CD879532B9E7E83004EDFCF /* CashMarket Bold.otf */ = {isa = PBXFileReference; lastKnownFileType = file; path = "CashMarket Bold.otf"; sourceTree = "<group>"; };
		2CD8795B2B9E91F2004EDFCF /* Constants.swift */ = {isa = PBXFileReference; lastKnownFileType = sourcecode.swift; path = Constants.swift; sourceTree = "<group>"; };
		2CD879612B9F883C004EDFCF /* SettingsViewController.swift */ = {isa = PBXFileReference; lastKnownFileType = sourcecode.swift; path = SettingsViewController.swift; sourceTree = "<group>"; };
		2CD879632B9F88FF004EDFCF /* SettingsView.swift */ = {isa = PBXFileReference; lastKnownFileType = sourcecode.swift; path = SettingsView.swift; sourceTree = "<group>"; };
		2CD879652BA0EBAB004EDFCF /* CategoryListViewController.swift */ = {isa = PBXFileReference; lastKnownFileType = sourcecode.swift; path = CategoryListViewController.swift; sourceTree = "<group>"; };
		2CD879672BA10453004EDFCF /* AddCategoryViewController.swift */ = {isa = PBXFileReference; lastKnownFileType = sourcecode.swift; path = AddCategoryViewController.swift; sourceTree = "<group>"; };
		2CF649A42B9A323F00841A69 /* CoreData.xcdatamodel */ = {isa = PBXFileReference; lastKnownFileType = wrapper.xcdatamodel; path = CoreData.xcdatamodel; sourceTree = "<group>"; };
/* End PBXFileReference section */

/* Begin PBXFrameworksBuildPhase section */
		2C8C5F5A2B97932800E0ECFD /* Frameworks */ = {
			isa = PBXFrameworksBuildPhase;
			buildActionMask = 2147483647;
			files = (
			);
			runOnlyForDeploymentPostprocessing = 0;
		};
/* End PBXFrameworksBuildPhase section */

/* Begin PBXGroup section */
		2C8C5F542B97932800E0ECFD = {
			isa = PBXGroup;
			children = (
				2C8C5F5F2B97932800E0ECFD /* Coinage */,
				2C8C5F5E2B97932800E0ECFD /* Products */,
			);
			sourceTree = "<group>";
		};
		2C8C5F5E2B97932800E0ECFD /* Products */ = {
			isa = PBXGroup;
			children = (
				2C8C5F5D2B97932800E0ECFD /* Coinage.app */,
			);
			name = Products;
			sourceTree = "<group>";
		};
		2C8C5F5F2B97932800E0ECFD /* Coinage */ = {
			isa = PBXGroup;
			children = (
				2CD879602B9F8713004EDFCF /* App */,
				2CD8795D2B9F86CB004EDFCF /* Screens */,
				2CD8795F2B9F86F7004EDFCF /* Components */,
				2CD5C48A2BA29E37005BAF28 /* Utils */,
				2CD8792D2B9E790A004EDFCF /* Fonts */,
				2C8C5F692B97932A00E0ECFD /* Assets.xcassets */,
				2C8C5F6B2B97932A00E0ECFD /* LaunchScreen.storyboard */,
				2C8C5F6E2B97932A00E0ECFD /* Info.plist */,
			);
			path = Coinage;
			sourceTree = "<group>";
		};
		2CCE1AB52BCB406B007604FC /* TransactionList */ = {
			isa = PBXGroup;
			children = (
				2C4A404C2B979A17002329AC /* TransactionListViewController.swift */,
				2CCE1AB32BCB4064007604FC /* TransactionListViewModel.swift */,
			);
			path = TransactionList;
			sourceTree = "<group>";
		};
		2CCE1AB62BCB4080007604FC /* Cells */ = {
			isa = PBXGroup;
			children = (
				2CD5C4812BA15539005BAF28 /* CategoryListCell.swift */,
				2CB255172B9D13DA005FD0F9 /* TransactionListCell.swift */,
			);
			path = Cells;
			sourceTree = "<group>";
		};
		2CD5C4892BA29E29005BAF28 /* Enums */ = {
			isa = PBXGroup;
			children = (
				2CD5C4872BA29E23005BAF28 /* CategoryType.swift */,
			);
			path = Enums;
			sourceTree = "<group>";
		};
		2CD5C48A2BA29E37005BAF28 /* Utils */ = {
			isa = PBXGroup;
			children = (
				2CD8795B2B9E91F2004EDFCF /* Constants.swift */,
				2CD5C48D2BBC71AF005BAF28 /* Notifications.swift */,
				2CD5C4892BA29E29005BAF28 /* Enums */,
			);
			path = Utils;
			sourceTree = "<group>";
		};
		2CD8792D2B9E790A004EDFCF /* Fonts */ = {
			isa = PBXGroup;
			children = (
				2CD879532B9E7E83004EDFCF /* CashMarket Bold.otf */,
				2CD8794F2B9E7E83004EDFCF /* CashMarket Medium.otf */,
				2CD879502B9E7E83004EDFCF /* CashMarket MediumRounded.otf */,
				2CD879512B9E7E83004EDFCF /* CashMarket Regular.otf */,
				2CD879522B9E7E83004EDFCF /* CashMarket RegularRounded.otf */,
			);
			path = Fonts;
			sourceTree = "<group>";
		};
		2CD8795D2B9F86CB004EDFCF /* Screens */ = {
			isa = PBXGroup;
			children = (
				2C4A40482B9797B6002329AC /* NewTransactionViewController.swift */,
				2CCE1AB52BCB406B007604FC /* TransactionList */,
				2CD879612B9F883C004EDFCF /* SettingsViewController.swift */,
				2CD879632B9F88FF004EDFCF /* SettingsView.swift */,
				2CD879652BA0EBAB004EDFCF /* CategoryListViewController.swift */,
				2CD879672BA10453004EDFCF /* AddCategoryViewController.swift */,
			);
			path = Screens;
			sourceTree = "<group>";
		};
		2CD8795F2B9F86F7004EDFCF /* Components */ = {
			isa = PBXGroup;
			children = (
				2CD5C48B2BB7283B005BAF28 /* PlainTextField.swift */,
				2CD5C4852BA24CE3005BAF28 /* BorderedTextField.swift */,
				2CD5C4832BA21D27005BAF28 /* PickerButton.swift */,
				2CCE1AB62BCB4080007604FC /* Cells */,
			);
			path = Components;
			sourceTree = "<group>";
		};
		2CD879602B9F8713004EDFCF /* App */ = {
			isa = PBXGroup;
			children = (
				2C8C5F602B97932800E0ECFD /* AppDelegate.swift */,
				2C8C5F622B97932800E0ECFD /* SceneDelegate.swift */,
				2C4A40462B979681002329AC /* MainTabBarController.swift */,
				2CF649A32B9A323F00841A69 /* CoreData.xcdatamodeld */,
			);
			path = App;
			sourceTree = "<group>";
		};
/* End PBXGroup section */

/* Begin PBXNativeTarget section */
		2C8C5F5C2B97932800E0ECFD /* Coinage */ = {
			isa = PBXNativeTarget;
			buildConfigurationList = 2C8C5F712B97932A00E0ECFD /* Build configuration list for PBXNativeTarget "Coinage" */;
			buildPhases = (
				2C8C5F592B97932800E0ECFD /* Sources */,
				2C8C5F5A2B97932800E0ECFD /* Frameworks */,
				2C8C5F5B2B97932800E0ECFD /* Resources */,
			);
			buildRules = (
			);
			dependencies = (
			);
			name = Coinage;
			productName = Coinage;
			productReference = 2C8C5F5D2B97932800E0ECFD /* Coinage.app */;
			productType = "com.apple.product-type.application";
		};
/* End PBXNativeTarget section */

/* Begin PBXProject section */
		2C8C5F552B97932800E0ECFD /* Project object */ = {
			isa = PBXProject;
			attributes = {
				BuildIndependentTargetsInParallel = 1;
				LastSwiftUpdateCheck = 1520;
				LastUpgradeCheck = 1520;
				TargetAttributes = {
					2C8C5F5C2B97932800E0ECFD = {
						CreatedOnToolsVersion = 15.2;
					};
				};
			};
			buildConfigurationList = 2C8C5F582B97932800E0ECFD /* Build configuration list for PBXProject "Coinage" */;
			compatibilityVersion = "Xcode 14.0";
			developmentRegion = en;
			hasScannedForEncodings = 0;
			knownRegions = (
				en,
				Base,
			);
			mainGroup = 2C8C5F542B97932800E0ECFD;
			productRefGroup = 2C8C5F5E2B97932800E0ECFD /* Products */;
			projectDirPath = "";
			projectRoot = "";
			targets = (
				2C8C5F5C2B97932800E0ECFD /* Coinage */,
			);
		};
/* End PBXProject section */

/* Begin PBXResourcesBuildPhase section */
		2C8C5F5B2B97932800E0ECFD /* Resources */ = {
			isa = PBXResourcesBuildPhase;
			buildActionMask = 2147483647;
			files = (
				2CD879552B9E7E83004EDFCF /* CashMarket MediumRounded.otf in Resources */,
				2C8C5F6D2B97932A00E0ECFD /* LaunchScreen.storyboard in Resources */,
				2CD879582B9E7E83004EDFCF /* CashMarket Bold.otf in Resources */,
				2CD879572B9E7E83004EDFCF /* CashMarket RegularRounded.otf in Resources */,
				2CD879562B9E7E83004EDFCF /* CashMarket Regular.otf in Resources */,
				2C8C5F6A2B97932A00E0ECFD /* Assets.xcassets in Resources */,
				2CD879542B9E7E83004EDFCF /* CashMarket Medium.otf in Resources */,
			);
			runOnlyForDeploymentPostprocessing = 0;
		};
/* End PBXResourcesBuildPhase section */

/* Begin PBXSourcesBuildPhase section */
		2C8C5F592B97932800E0ECFD /* Sources */ = {
			isa = PBXSourcesBuildPhase;
			buildActionMask = 2147483647;
			files = (
				2C4A40492B9797B6002329AC /* NewTransactionViewController.swift in Sources */,
				2CD879662BA0EBAB004EDFCF /* CategoryListViewController.swift in Sources */,
				2CD5C48C2BB7283B005BAF28 /* PlainTextField.swift in Sources */,
				2C4A404D2B979A17002329AC /* TransactionListViewController.swift in Sources */,
				2CD5C4862BA24CE3005BAF28 /* BorderedTextField.swift in Sources */,
				2CCE1AB42BCB4064007604FC /* TransactionListViewModel.swift in Sources */,
				2CF649A52B9A323F00841A69 /* CoreData.xcdatamodeld in Sources */,
				2CB255182B9D13DA005FD0F9 /* TransactionListCell.swift in Sources */,
				2CD879642B9F88FF004EDFCF /* SettingsView.swift in Sources */,
				2C8C5F612B97932800E0ECFD /* AppDelegate.swift in Sources */,
				2C8C5F632B97932800E0ECFD /* SceneDelegate.swift in Sources */,
				2CD879682BA10453004EDFCF /* AddCategoryViewController.swift in Sources */,
				2CD5C4822BA15539005BAF28 /* CategoryListCell.swift in Sources */,
				2CD5C48E2BBC71AF005BAF28 /* Notifications.swift in Sources */,
				2C4A40472B979681002329AC /* MainTabBarController.swift in Sources */,
				2CD5C4842BA21D27005BAF28 /* PickerButton.swift in Sources */,
				2CD5C4882BA29E23005BAF28 /* CategoryType.swift in Sources */,
				2CD8795C2B9E91F2004EDFCF /* Constants.swift in Sources */,
				2CD879622B9F883C004EDFCF /* SettingsViewController.swift in Sources */,
			);
			runOnlyForDeploymentPostprocessing = 0;
		};
/* End PBXSourcesBuildPhase section */

/* Begin PBXVariantGroup section */
		2C8C5F6B2B97932A00E0ECFD /* LaunchScreen.storyboard */ = {
			isa = PBXVariantGroup;
			children = (
				2C8C5F6C2B97932A00E0ECFD /* Base */,
			);
			name = LaunchScreen.storyboard;
			sourceTree = "<group>";
		};
/* End PBXVariantGroup section */

/* Begin XCBuildConfiguration section */
		2C8C5F6F2B97932A00E0ECFD /* Debug */ = {
			isa = XCBuildConfiguration;
			buildSettings = {
				ALWAYS_SEARCH_USER_PATHS = NO;
				ASSETCATALOG_COMPILER_GENERATE_SWIFT_ASSET_SYMBOL_EXTENSIONS = YES;
				CLANG_ANALYZER_NONNULL = YES;
				CLANG_ANALYZER_NUMBER_OBJECT_CONVERSION = YES_AGGRESSIVE;
				CLANG_CXX_LANGUAGE_STANDARD = "gnu++20";
				CLANG_ENABLE_MODULES = YES;
				CLANG_ENABLE_OBJC_ARC = YES;
				CLANG_ENABLE_OBJC_WEAK = YES;
				CLANG_WARN_BLOCK_CAPTURE_AUTORELEASING = YES;
				CLANG_WARN_BOOL_CONVERSION = YES;
				CLANG_WARN_COMMA = YES;
				CLANG_WARN_CONSTANT_CONVERSION = YES;
				CLANG_WARN_DEPRECATED_OBJC_IMPLEMENTATIONS = YES;
				CLANG_WARN_DIRECT_OBJC_ISA_USAGE = YES_ERROR;
				CLANG_WARN_DOCUMENTATION_COMMENTS = YES;
				CLANG_WARN_EMPTY_BODY = YES;
				CLANG_WARN_ENUM_CONVERSION = YES;
				CLANG_WARN_INFINITE_RECURSION = YES;
				CLANG_WARN_INT_CONVERSION = YES;
				CLANG_WARN_NON_LITERAL_NULL_CONVERSION = YES;
				CLANG_WARN_OBJC_IMPLICIT_RETAIN_SELF = YES;
				CLANG_WARN_OBJC_LITERAL_CONVERSION = YES;
				CLANG_WARN_OBJC_ROOT_CLASS = YES_ERROR;
				CLANG_WARN_QUOTED_INCLUDE_IN_FRAMEWORK_HEADER = YES;
				CLANG_WARN_RANGE_LOOP_ANALYSIS = YES;
				CLANG_WARN_STRICT_PROTOTYPES = YES;
				CLANG_WARN_SUSPICIOUS_MOVE = YES;
				CLANG_WARN_UNGUARDED_AVAILABILITY = YES_AGGRESSIVE;
				CLANG_WARN_UNREACHABLE_CODE = YES;
				CLANG_WARN__DUPLICATE_METHOD_MATCH = YES;
				COPY_PHASE_STRIP = NO;
				DEBUG_INFORMATION_FORMAT = dwarf;
				ENABLE_STRICT_OBJC_MSGSEND = YES;
				ENABLE_TESTABILITY = YES;
				ENABLE_USER_SCRIPT_SANDBOXING = YES;
				GCC_C_LANGUAGE_STANDARD = gnu17;
				GCC_DYNAMIC_NO_PIC = NO;
				GCC_NO_COMMON_BLOCKS = YES;
				GCC_OPTIMIZATION_LEVEL = 0;
				GCC_PREPROCESSOR_DEFINITIONS = (
					"DEBUG=1",
					"$(inherited)",
				);
				GCC_WARN_64_TO_32_BIT_CONVERSION = YES;
				GCC_WARN_ABOUT_RETURN_TYPE = YES_ERROR;
				GCC_WARN_UNDECLARED_SELECTOR = YES;
				GCC_WARN_UNINITIALIZED_AUTOS = YES_AGGRESSIVE;
				GCC_WARN_UNUSED_FUNCTION = YES;
				GCC_WARN_UNUSED_VARIABLE = YES;
				IPHONEOS_DEPLOYMENT_TARGET = 17.2;
				LOCALIZATION_PREFERS_STRING_CATALOGS = YES;
				MTL_ENABLE_DEBUG_INFO = INCLUDE_SOURCE;
				MTL_FAST_MATH = YES;
				ONLY_ACTIVE_ARCH = YES;
				SDKROOT = iphoneos;
				SWIFT_ACTIVE_COMPILATION_CONDITIONS = "DEBUG $(inherited)";
				SWIFT_OPTIMIZATION_LEVEL = "-Onone";
			};
			name = Debug;
		};
		2C8C5F702B97932A00E0ECFD /* Release */ = {
			isa = XCBuildConfiguration;
			buildSettings = {
				ALWAYS_SEARCH_USER_PATHS = NO;
				ASSETCATALOG_COMPILER_GENERATE_SWIFT_ASSET_SYMBOL_EXTENSIONS = YES;
				CLANG_ANALYZER_NONNULL = YES;
				CLANG_ANALYZER_NUMBER_OBJECT_CONVERSION = YES_AGGRESSIVE;
				CLANG_CXX_LANGUAGE_STANDARD = "gnu++20";
				CLANG_ENABLE_MODULES = YES;
				CLANG_ENABLE_OBJC_ARC = YES;
				CLANG_ENABLE_OBJC_WEAK = YES;
				CLANG_WARN_BLOCK_CAPTURE_AUTORELEASING = YES;
				CLANG_WARN_BOOL_CONVERSION = YES;
				CLANG_WARN_COMMA = YES;
				CLANG_WARN_CONSTANT_CONVERSION = YES;
				CLANG_WARN_DEPRECATED_OBJC_IMPLEMENTATIONS = YES;
				CLANG_WARN_DIRECT_OBJC_ISA_USAGE = YES_ERROR;
				CLANG_WARN_DOCUMENTATION_COMMENTS = YES;
				CLANG_WARN_EMPTY_BODY = YES;
				CLANG_WARN_ENUM_CONVERSION = YES;
				CLANG_WARN_INFINITE_RECURSION = YES;
				CLANG_WARN_INT_CONVERSION = YES;
				CLANG_WARN_NON_LITERAL_NULL_CONVERSION = YES;
				CLANG_WARN_OBJC_IMPLICIT_RETAIN_SELF = YES;
				CLANG_WARN_OBJC_LITERAL_CONVERSION = YES;
				CLANG_WARN_OBJC_ROOT_CLASS = YES_ERROR;
				CLANG_WARN_QUOTED_INCLUDE_IN_FRAMEWORK_HEADER = YES;
				CLANG_WARN_RANGE_LOOP_ANALYSIS = YES;
				CLANG_WARN_STRICT_PROTOTYPES = YES;
				CLANG_WARN_SUSPICIOUS_MOVE = YES;
				CLANG_WARN_UNGUARDED_AVAILABILITY = YES_AGGRESSIVE;
				CLANG_WARN_UNREACHABLE_CODE = YES;
				CLANG_WARN__DUPLICATE_METHOD_MATCH = YES;
				COPY_PHASE_STRIP = NO;
				DEBUG_INFORMATION_FORMAT = "dwarf-with-dsym";
				ENABLE_NS_ASSERTIONS = NO;
				ENABLE_STRICT_OBJC_MSGSEND = YES;
				ENABLE_USER_SCRIPT_SANDBOXING = YES;
				GCC_C_LANGUAGE_STANDARD = gnu17;
				GCC_NO_COMMON_BLOCKS = YES;
				GCC_WARN_64_TO_32_BIT_CONVERSION = YES;
				GCC_WARN_ABOUT_RETURN_TYPE = YES_ERROR;
				GCC_WARN_UNDECLARED_SELECTOR = YES;
				GCC_WARN_UNINITIALIZED_AUTOS = YES_AGGRESSIVE;
				GCC_WARN_UNUSED_FUNCTION = YES;
				GCC_WARN_UNUSED_VARIABLE = YES;
				IPHONEOS_DEPLOYMENT_TARGET = 17.2;
				LOCALIZATION_PREFERS_STRING_CATALOGS = YES;
				MTL_ENABLE_DEBUG_INFO = NO;
				MTL_FAST_MATH = YES;
				SDKROOT = iphoneos;
				SWIFT_COMPILATION_MODE = wholemodule;
				VALIDATE_PRODUCT = YES;
			};
			name = Release;
		};
		2C8C5F722B97932A00E0ECFD /* Debug */ = {
			isa = XCBuildConfiguration;
			buildSettings = {
				ASSETCATALOG_COMPILER_APPICON_NAME = AppIcon;
				ASSETCATALOG_COMPILER_GLOBAL_ACCENT_COLOR_NAME = AccentColor;
				CODE_SIGN_STYLE = Automatic;
				CURRENT_PROJECT_VERSION = 1;
				DEVELOPMENT_TEAM = YKT6XCT9J8;
				GENERATE_INFOPLIST_FILE = YES;
				INFOPLIST_FILE = Coinage/Info.plist;
				INFOPLIST_KEY_UIApplicationSupportsIndirectInputEvents = YES;
				INFOPLIST_KEY_UILaunchStoryboardName = LaunchScreen;
				INFOPLIST_KEY_UIMainStoryboardFile = "";
				INFOPLIST_KEY_UISupportedInterfaceOrientations_iPad = "UIInterfaceOrientationPortrait UIInterfaceOrientationPortraitUpsideDown UIInterfaceOrientationLandscapeLeft UIInterfaceOrientationLandscapeRight";
				INFOPLIST_KEY_UISupportedInterfaceOrientations_iPhone = "UIInterfaceOrientationPortrait UIInterfaceOrientationLandscapeLeft UIInterfaceOrientationLandscapeRight";
				LD_RUNPATH_SEARCH_PATHS = (
					"$(inherited)",
					"@executable_path/Frameworks",
				);
				MARKETING_VERSION = 1.0;
				PRODUCT_BUNDLE_IDENTIFIER = com.MatthewLichtenstein.Coinage;
				PRODUCT_NAME = "$(TARGET_NAME)";
				SWIFT_EMIT_LOC_STRINGS = YES;
				SWIFT_VERSION = 5.0;
				TARGETED_DEVICE_FAMILY = "1,2";
			};
			name = Debug;
		};
		2C8C5F732B97932A00E0ECFD /* Release */ = {
			isa = XCBuildConfiguration;
			buildSettings = {
				ASSETCATALOG_COMPILER_APPICON_NAME = AppIcon;
				ASSETCATALOG_COMPILER_GLOBAL_ACCENT_COLOR_NAME = AccentColor;
				CODE_SIGN_STYLE = Automatic;
				CURRENT_PROJECT_VERSION = 1;
				DEVELOPMENT_TEAM = YKT6XCT9J8;
				GENERATE_INFOPLIST_FILE = YES;
				INFOPLIST_FILE = Coinage/Info.plist;
				INFOPLIST_KEY_UIApplicationSupportsIndirectInputEvents = YES;
				INFOPLIST_KEY_UILaunchStoryboardName = LaunchScreen;
				INFOPLIST_KEY_UIMainStoryboardFile = "";
				INFOPLIST_KEY_UISupportedInterfaceOrientations_iPad = "UIInterfaceOrientationPortrait UIInterfaceOrientationPortraitUpsideDown UIInterfaceOrientationLandscapeLeft UIInterfaceOrientationLandscapeRight";
				INFOPLIST_KEY_UISupportedInterfaceOrientations_iPhone = "UIInterfaceOrientationPortrait UIInterfaceOrientationLandscapeLeft UIInterfaceOrientationLandscapeRight";
				LD_RUNPATH_SEARCH_PATHS = (
					"$(inherited)",
					"@executable_path/Frameworks",
				);
				MARKETING_VERSION = 1.0;
				PRODUCT_BUNDLE_IDENTIFIER = com.MatthewLichtenstein.Coinage;
				PRODUCT_NAME = "$(TARGET_NAME)";
				SWIFT_EMIT_LOC_STRINGS = YES;
				SWIFT_VERSION = 5.0;
				TARGETED_DEVICE_FAMILY = "1,2";
			};
			name = Release;
		};
/* End XCBuildConfiguration section */

/* Begin XCConfigurationList section */
		2C8C5F582B97932800E0ECFD /* Build configuration list for PBXProject "Coinage" */ = {
			isa = XCConfigurationList;
			buildConfigurations = (
				2C8C5F6F2B97932A00E0ECFD /* Debug */,
				2C8C5F702B97932A00E0ECFD /* Release */,
			);
			defaultConfigurationIsVisible = 0;
			defaultConfigurationName = Release;
		};
		2C8C5F712B97932A00E0ECFD /* Build configuration list for PBXNativeTarget "Coinage" */ = {
			isa = XCConfigurationList;
			buildConfigurations = (
				2C8C5F722B97932A00E0ECFD /* Debug */,
				2C8C5F732B97932A00E0ECFD /* Release */,
			);
			defaultConfigurationIsVisible = 0;
			defaultConfigurationName = Release;
		};
/* End XCConfigurationList section */

/* Begin XCVersionGroup section */
		2CF649A32B9A323F00841A69 /* CoreData.xcdatamodeld */ = {
			isa = XCVersionGroup;
			children = (
				2CF649A42B9A323F00841A69 /* CoreData.xcdatamodel */,
			);
			currentVersion = 2CF649A42B9A323F00841A69 /* CoreData.xcdatamodel */;
			path = CoreData.xcdatamodeld;
			sourceTree = "<group>";
			versionGroupType = wrapper.xcdatamodel;
		};
/* End XCVersionGroup section */
	};
	rootObject = 2C8C5F552B97932800E0ECFD /* Project object */;
}
